
Microsoft Visual Studio Solution File, Format Version 12.00
# Visual Studio 15
VisualStudioVersion = 15.0.27130.2027
MinimumVisualStudioVersion = 10.0.40219.1
Project("{FAE04EC0-301F-11D3-BF4B-00C04F79EFBC}") = "PizzariaHelloWorld", "PizzariaHelloWorld\PizzariaHelloWorld.csproj", "{187BC9A1-A552-42A3-9D99-BB0AFD60AF37}"
EndProject
Global
	GlobalSection(SolutionConfigurationPlatforms) = preSolution
		Debug|Any CPU = Debug|Any CPU
		Release|Any CPU = Release|Any CPU
	EndGlobalSection
	GlobalSection(ProjectConfigurationPlatforms) = postSolution
		{187BC9A1-A552-42A3-9D99-BB0AFD60AF37}.Debug|Any CPU.ActiveCfg = Debug|Any CPU
		{187BC9A1-A552-42A3-9D99-BB0AFD60AF37}.Debug|Any CPU.Build.0 = Debug|Any CPU
		{187BC9A1-A552-42A3-9D99-BB0AFD60AF37}.Release|Any CPU.ActiveCfg = Release|Any CPU
		{187BC9A1-A552-42A3-9D99-BB0AFD60AF37}.Release|Any CPU.Build.0 = Release|Any CPU
	EndGlobalSection
	GlobalSection(SolutionProperties) = preSolution
		HideSolutionNode = FALSE
	EndGlobalSection
	GlobalSection(ExtensibilityGlobals) = postSolution
		SolutionGuid = {D073B8F4-C19E-4B91-B7FC-C939ABAE0807}
	EndGlobalSection
EndGlobal
